// !$*UTF8*$!
{
	archiveVersion = 1;
	classes = {
	};
	objectVersion = 46;
	objects = {

/* Begin PBXBuildFile section */
		A83169091F08CDF4004ACA44 /* main.cpp in Sources */ = {isa = PBXBuildFile; fileRef = A83169081F08CDF4004ACA44 /* main.cpp */; };
		A83169121F08D236004ACA44 /* utilities.cpp in Sources */ = {isa = PBXBuildFile; fileRef = A83169111F08D236004ACA44 /* utilities.cpp */; };
		A83169151F08D2C7004ACA44 /* Robot.cpp in Sources */ = {isa = PBXBuildFile; fileRef = A83169131F08D2C7004ACA44 /* Robot.cpp */; };
		A83169181F08D2D8004ACA44 /* Arena.cpp in Sources */ = {isa = PBXBuildFile; fileRef = A83169161F08D2D8004ACA44 /* Arena.cpp */; };
		A831691B1F08D2E9004ACA44 /* Player.cpp in Sources */ = {isa = PBXBuildFile; fileRef = A83169191F08D2E9004ACA44 /* Player.cpp */; };
		A831691E1F08D2FF004ACA44 /* History.cpp in Sources */ = {isa = PBXBuildFile; fileRef = A831691C1F08D2FF004ACA44 /* History.cpp */; };
		A83169211F08D328004ACA44 /* Game.cpp in Sources */ = {isa = PBXBuildFile; fileRef = A831691F1F08D328004ACA44 /* Game.cpp */; };
/* End PBXBuildFile section */

/* Begin PBXCopyFilesBuildPhase section */
		A83169031F08CDF4004ACA44 /* CopyFiles */ = {
			isa = PBXCopyFilesBuildPhase;
			buildActionMask = 2147483647;
			dstPath = /usr/share/man/man1/;
			dstSubfolderSpec = 0;
			files = (
			);
			runOnlyForDeploymentPostprocessing = 1;
		};
/* End PBXCopyFilesBuildPhase section */

/* Begin PBXFileReference section */
		A83169051F08CDF4004ACA44 /* zion multiple files */ = {isa = PBXFileReference; explicitFileType = "compiled.mach-o.executable"; includeInIndex = 0; path = "zion multiple files"; sourceTree = BUILT_PRODUCTS_DIR; };
		A83169081F08CDF4004ACA44 /* main.cpp */ = {isa = PBXFileReference; lastKnownFileType = sourcecode.cpp.cpp; path = main.cpp; sourceTree = "<group>"; };
		A83169101F08D125004ACA44 /* globals.h */ = {isa = PBXFileReference; lastKnownFileType = sourcecode.c.h; path = globals.h; sourceTree = "<group>"; };
		A83169111F08D236004ACA44 /* utilities.cpp */ = {isa = PBXFileReference; fileEncoding = 4; lastKnownFileType = sourcecode.cpp.cpp; path = utilities.cpp; sourceTree = "<group>"; };
		A83169131F08D2C7004ACA44 /* Robot.cpp */ = {isa = PBXFileReference; fileEncoding = 4; lastKnownFileType = sourcecode.cpp.cpp; path = Robot.cpp; sourceTree = "<group>"; };
		A83169141F08D2C7004ACA44 /* Robot.h */ = {isa = PBXFileReference; fileEncoding = 4; lastKnownFileType = sourcecode.c.h; path = Robot.h; sourceTree = "<group>"; };
		A83169161F08D2D8004ACA44 /* Arena.cpp */ = {isa = PBXFileReference; fileEncoding = 4; lastKnownFileType = sourcecode.cpp.cpp; path = Arena.cpp; sourceTree = "<group>"; };
		A83169171F08D2D8004ACA44 /* Arena.h */ = {isa = PBXFileReference; fileEncoding = 4; lastKnownFileType = sourcecode.c.h; path = Arena.h; sourceTree = "<group>"; };
		A83169191F08D2E9004ACA44 /* Player.cpp */ = {isa = PBXFileReference; fileEncoding = 4; lastKnownFileType = sourcecode.cpp.cpp; path = Player.cpp; sourceTree = "<group>"; };
		A831691A1F08D2E9004ACA44 /* Player.h */ = {isa = PBXFileReference; fileEncoding = 4; lastKnownFileType = sourcecode.c.h; path = Player.h; sourceTree = "<group>"; };
		A831691C1F08D2FF004ACA44 /* History.cpp */ = {isa = PBXFileReference; fileEncoding = 4; lastKnownFileType = sourcecode.cpp.cpp; path = History.cpp; sourceTree = "<group>"; };
		A831691D1F08D2FF004ACA44 /* History.h */ = {isa = PBXFileReference; fileEncoding = 4; lastKnownFileType = sourcecode.c.h; path = History.h; sourceTree = "<group>"; };
		A831691F1F08D328004ACA44 /* Game.cpp */ = {isa = PBXFileReference; fileEncoding = 4; lastKnownFileType = sourcecode.cpp.cpp; path = Game.cpp; sourceTree = "<group>"; };
		A83169201F08D328004ACA44 /* Game.h */ = {isa = PBXFileReference; fileEncoding = 4; lastKnownFileType = sourcecode.c.h; path = Game.h; sourceTree = "<group>"; };
/* End PBXFileReference section */

/* Begin PBXFrameworksBuildPhase section */
		A83169021F08CDF4004ACA44 /* Frameworks */ = {
			isa = PBXFrameworksBuildPhase;
			buildActionMask = 2147483647;
			files = (
			);
			runOnlyForDeploymentPostprocessing = 0;
		};
/* End PBXFrameworksBuildPhase section */

/* Begin PBXGroup section */
		A83168FC1F08CDF4004ACA44 = {
			isa = PBXGroup;
			children = (
				A83169071F08CDF4004ACA44 /* zion multiple files */,
				A83169061F08CDF4004ACA44 /* Products */,
			);
			sourceTree = "<group>";
		};
		A83169061F08CDF4004ACA44 /* Products */ = {
			isa = PBXGroup;
			children = (
				A83169051F08CDF4004ACA44 /* zion multiple files */,
			);
			name = Products;
			sourceTree = "<group>";
		};
		A83169071F08CDF4004ACA44 /* zion multiple files */ = {
			isa = PBXGroup;
			children = (
				A83169081F08CDF4004ACA44 /* main.cpp */,
				A83169101F08D125004ACA44 /* globals.h */,
				A83169111F08D236004ACA44 /* utilities.cpp */,
				A83169131F08D2C7004ACA44 /* Robot.cpp */,
				A83169141F08D2C7004ACA44 /* Robot.h */,
				A83169161F08D2D8004ACA44 /* Arena.cpp */,
				A83169171F08D2D8004ACA44 /* Arena.h */,
				A83169191F08D2E9004ACA44 /* Player.cpp */,
				A831691A1F08D2E9004ACA44 /* Player.h */,
				A831691C1F08D2FF004ACA44 /* History.cpp */,
				A831691D1F08D2FF004ACA44 /* History.h */,
				A831691F1F08D328004ACA44 /* Game.cpp */,
				A83169201F08D328004ACA44 /* Game.h */,
			);
			path = "zion multiple files";
			sourceTree = "<group>";
		};
/* End PBXGroup section */

/* Begin PBXNativeTarget section */
		A83169041F08CDF4004ACA44 /* zion multiple files */ = {
			isa = PBXNativeTarget;
			buildConfigurationList = A831690C1F08CDF4004ACA44 /* Build configuration list for PBXNativeTarget "zion multiple files" */;
			buildPhases = (
				A83169011F08CDF4004ACA44 /* Sources */,
				A83169021F08CDF4004ACA44 /* Frameworks */,
				A83169031F08CDF4004ACA44 /* CopyFiles */,
			);
			buildRules = (
			);
			dependencies = (
			);
			name = "zion multiple files";
			productName = "zion multiple files";
			productReference = A83169051F08CDF4004ACA44 /* zion multiple files */;
			productType = "com.apple.product-type.tool";
		};
/* End PBXNativeTarget section */

/* Begin PBXProject section */
		A83168FD1F08CDF4004ACA44 /* Project object */ = {
			isa = PBXProject;
			attributes = {
				LastUpgradeCheck = 0820;
				ORGANIZATIONNAME = "Huajun Zhou";
				TargetAttributes = {
					A83169041F08CDF4004ACA44 = {
						CreatedOnToolsVersion = 8.2.1;
						ProvisioningStyle = Automatic;
					};
				};
			};
			buildConfigurationList = A83169001F08CDF4004ACA44 /* Build configuration list for PBXProject "zion multiple files" */;
			compatibilityVersion = "Xcode 3.2";
			developmentRegion = English;
			hasScannedForEncodings = 0;
			knownRegions = (
				en,
			);
			mainGroup = A83168FC1F08CDF4004ACA44;
			productRefGroup = A83169061F08CDF4004ACA44 /* Products */;
			projectDirPath = "";
			projectRoot = "";
			targets = (
				A83169041F08CDF4004ACA44 /* zion multiple files */,
			);
		};
/* End PBXProject section */

/* Begin PBXSourcesBuildPhase section */
		A83169011F08CDF4004ACA44 /* Sources */ = {
			isa = PBXSourcesBuildPhase;
			buildActionMask = 2147483647;
			files = (
				A831691E1F08D2FF004ACA44 /* History.cpp in Sources */,
				A83169121F08D236004ACA44 /* utilities.cpp in Sources */,
				A83169181F08D2D8004ACA44 /* Arena.cpp in Sources */,
				A83169151F08D2C7004ACA44 /* Robot.cpp in Sources */,
				A83169091F08CDF4004ACA44 /* main.cpp in Sources */,
				A831691B1F08D2E9004ACA44 /* Player.cpp in Sources */,
				A83169211F08D328004ACA44 /* Game.cpp in Sources */,
			);
			runOnlyForDeploymentPostprocessing = 0;
		};
/* End PBXSourcesBuildPhase section */

/* Begin XCBuildConfiguration section */
		A831690A1F08CDF4004ACA44 /* Debug */ = {
			isa = XCBuildConfiguration;
			buildSettings = {
				ALWAYS_SEARCH_USER_PATHS = NO;
				CLANG_ANALYZER_NONNULL = YES;
				CLANG_CXX_LANGUAGE_STANDARD = "gnu++0x";
				CLANG_CXX_LIBRARY = "libc++";
				CLANG_ENABLE_MODULES = YES;
				CLANG_ENABLE_OBJC_ARC = YES;
				CLANG_WARN_BOOL_CONVERSION = YES;
				CLANG_WARN_CONSTANT_CONVERSION = YES;
				CLANG_WARN_DIRECT_OBJC_ISA_USAGE = YES_ERROR;
				CLANG_WARN_DOCUMENTATION_COMMENTS = YES;
				CLANG_WARN_EMPTY_BODY = YES;
				CLANG_WARN_ENUM_CONVERSION = YES;
				CLANG_WARN_INFINITE_RECURSION = YES;
				CLANG_WARN_INT_CONVERSION = YES;
				CLANG_WARN_OBJC_ROOT_CLASS = YES_ERROR;
				CLANG_WARN_SUSPICIOUS_MOVE = YES;
				CLANG_WARN_UNREACHABLE_CODE = YES;
				CLANG_WARN__DUPLICATE_METHOD_MATCH = YES;
				CODE_SIGN_IDENTITY = "-";
				COPY_PHASE_STRIP = NO;
				DEBUG_INFORMATION_FORMAT = dwarf;
				ENABLE_STRICT_OBJC_MSGSEND = YES;
				ENABLE_TESTABILITY = YES;
				GCC_C_LANGUAGE_STANDARD = gnu99;
				GCC_DYNAMIC_NO_PIC = NO;
				GCC_NO_COMMON_BLOCKS = YES;
				GCC_OPTIMIZATION_LEVEL = 0;
				GCC_PREPROCESSOR_DEFINITIONS = (
					"DEBUG=1",
					"$(inherited)",
				);
				GCC_WARN_64_TO_32_BIT_CONVERSION = YES;
				GCC_WARN_ABOUT_RETURN_TYPE = YES_ERROR;
				GCC_WARN_UNDECLARED_SELECTOR = YES;
				GCC_WARN_UNINITIALIZED_AUTOS = YES_AGGRESSIVE;
				GCC_WARN_UNUSED_FUNCTION = YES;
				GCC_WARN_UNUSED_VARIABLE = YES;
				MACOSX_DEPLOYMENT_TARGET = 10.12;
				MTL_ENABLE_DEBUG_INFO = YES;
				ONLY_ACTIVE_ARCH = YES;
				SDKROOT = macosx;
			};
			name = Debug;
		};
		A831690B1F08CDF4004ACA44 /* Release */ = {
			isa = XCBuildConfiguration;
			buildSettings = {
				ALWAYS_SEARCH_USER_PATHS = NO;
				CLANG_ANALYZER_NONNULL = YES;
				CLANG_CXX_LANGUAGE_STANDARD = "gnu++0x";
				CLANG_CXX_LIBRARY = "libc++";
				CLANG_ENABLE_MODULES = YES;
				CLANG_ENABLE_OBJC_ARC = YES;
				CLANG_WARN_BOOL_CONVERSION = YES;
				CLANG_WARN_CONSTANT_CONVERSION = YES;
				CLANG_WARN_DIRECT_OBJC_ISA_USAGE = YES_ERROR;
				CLANG_WARN_DOCUMENTATION_COMMENTS = YES;
				CLANG_WARN_EMPTY_BODY = YES;
				CLANG_WARN_ENUM_CONVERSION = YES;
				CLANG_WARN_INFINITE_RECURSION = YES;
				CLANG_WARN_INT_CONVERSION = YES;
				CLANG_WARN_OBJC_ROOT_CLASS = YES_ERROR;
				CLANG_WARN_SUSPICIOUS_MOVE = YES;
				CLANG_WARN_UNREACHABLE_CODE = YES;
				CLANG_WARN__DUPLICATE_METHOD_MATCH = YES;
				CODE_SIGN_IDENTITY = "-";
				COPY_PHASE_STRIP = NO;
				DEBUG_INFORMATION_FORMAT = "dwarf-with-dsym";
				ENABLE_NS_ASSERTIONS = NO;
				ENABLE_STRICT_OBJC_MSGSEND = YES;
				GCC_C_LANGUAGE_STANDARD = gnu99;
				GCC_NO_COMMON_BLOCKS = YES;
				GCC_WARN_64_TO_32_BIT_CONVERSION = YES;
				GCC_WARN_ABOUT_RETURN_TYPE = YES_ERROR;
				GCC_WARN_UNDECLARED_SELECTOR = YES;
				GCC_WARN_UNINITIALIZED_AUTOS = YES_AGGRESSIVE;
				GCC_WARN_UNUSED_FUNCTION = YES;
				GCC_WARN_UNUSED_VARIABLE = YES;
				MACOSX_DEPLOYMENT_TARGET = 10.12;
				MTL_ENABLE_DEBUG_INFO = NO;
				SDKROOT = macosx;
			};
			name = Release;
		};
		A831690D1F08CDF4004ACA44 /* Debug */ = {
			isa = XCBuildConfiguration;
			buildSettings = {
				PRODUCT_NAME = "$(TARGET_NAME)";
			};
			name = Debug;
		};
		A831690E1F08CDF4004ACA44 /* Release */ = {
			isa = XCBuildConfiguration;
			buildSettings = {
				PRODUCT_NAME = "$(TARGET_NAME)";
			};
			name = Release;
		};
/* End XCBuildConfiguration section */

/* Begin XCConfigurationList section */
		A83169001F08CDF4004ACA44 /* Build configuration list for PBXProject "zion multiple files" */ = {
			isa = XCConfigurationList;
			buildConfigurations = (
				A831690A1F08CDF4004ACA44 /* Debug */,
				A831690B1F08CDF4004ACA44 /* Release */,
			);
			defaultConfigurationIsVisible = 0;
			defaultConfigurationName = Release;
		};
		A831690C1F08CDF4004ACA44 /* Build configuration list for PBXNativeTarget "zion multiple files" */ = {
			isa = XCConfigurationList;
			buildConfigurations = (
				A831690D1F08CDF4004ACA44 /* Debug */,
				A831690E1F08CDF4004ACA44 /* Release */,
			);
			defaultConfigurationIsVisible = 0;
			defaultConfigurationName = Release;
		};
/* End XCConfigurationList section */
	};
	rootObject = A83168FD1F08CDF4004ACA44 /* Project object */;
}
